
Microsoft Visual Studio Solution File, Format Version 10.00
# Visual Studio 2008
Project("{8BC9CEB8-8B4A-11D0-8D11-00A0C91BC942}") = "Ultimath Library", "Ultimath Library.vcproj", "{8607A556-AB03-4BD6-9746-C23E04A57213}"
EndProject
Project("{8BC9CEB8-8B4A-11D0-8D11-00A0C91BC942}") = "Ultimath", "..\Ultimath\Ultimath.vcproj", "{39B7B7F5-54C7-49D2-98EB-9F5262FD689A}"
EndProject
Project("{8BC9CEB8-8B4A-11D0-8D11-00A0C91BC942}") = "Morse Code", "..\Morse Code\Morse Code.vcproj", "{82125AE8-EBFB-4DFE-B2CC-A028FCF0355B}"
EndProject
Project("{8BC9CEB8-8B4A-11D0-8D11-00A0C91BC942}") = "UltiDLL", "..\UltiDLL\UltiDLL.vcproj", "{83C10A47-3A25-4284-A00A-CF18CBBB7A83}"
EndProject
Global
	GlobalSection(SolutionConfigurationPlatforms) = preSolution
		Debug|Win32 = Debug|Win32
		Release|Win32 = Release|Win32
	EndGlobalSection
	GlobalSection(ProjectConfigurationPlatforms) = postSolution
		{8607A556-AB03-4BD6-9746-C23E04A57213}.Debug|Win32.ActiveCfg = Debug|Win32
		{8607A556-AB03-4BD6-9746-C23E04A57213}.Debug|Win32.Build.0 = Debug|Win32
		{8607A556-AB03-4BD6-9746-C23E04A57213}.Release|Win32.ActiveCfg = Release|Win32
		{8607A556-AB03-4BD6-9746-C23E04A57213}.Release|Win32.Build.0 = Release|Win32
		{39B7B7F5-54C7-49D2-98EB-9F5262FD689A}.Debug|Win32.ActiveCfg = Debug|Win32
		{39B7B7F5-54C7-49D2-98EB-9F5262FD689A}.Debug|Win32.Build.0 = Debug|Win32
		{39B7B7F5-54C7-49D2-98EB-9F5262FD689A}.Release|Win32.ActiveCfg = Release|Win32
		{39B7B7F5-54C7-49D2-98EB-9F5262FD689A}.Release|Win32.Build.0 = Release|Win32
		{82125AE8-EBFB-4DFE-B2CC-A028FCF0355B}.Debug|Win32.ActiveCfg = Debug|Win32
		{82125AE8-EBFB-4DFE-B2CC-A028FCF0355B}.Debug|Win32.Build.0 = Debug|Win32
		{82125AE8-EBFB-4DFE-B2CC-A028FCF0355B}.Release|Win32.ActiveCfg = Release|Win32
		{82125AE8-EBFB-4DFE-B2CC-A028FCF0355B}.Release|Win32.Build.0 = Release|Win32
		{83C10A47-3A25-4284-A00A-CF18CBBB7A83}.Debug|Win32.ActiveCfg = Debug|Win32
		{83C10A47-3A25-4284-A00A-CF18CBBB7A83}.Debug|Win32.Build.0 = Debug|Win32
		{83C10A47-3A25-4284-A00A-CF18CBBB7A83}.Release|Win32.ActiveCfg = Release|Win32
		{83C10A47-3A25-4284-A00A-CF18CBBB7A83}.Release|Win32.Build.0 = Release|Win32
	EndGlobalSection
	GlobalSection(SolutionProperties) = preSolution
		HideSolutionNode = FALSE
	EndGlobalSection
EndGlobal
